
Microsoft Visual Studio Solution File, Format Version 12.00
# Visual Studio Version 17
VisualStudioVersion = 17.1.31911.260
MinimumVisualStudioVersion = 10.0.40219.1
Project("{FAE04EC0-301F-11D3-BF4B-00C04F79EFBC}") = "labsWPF.Android", "labsWPF\labsWPF.Android\labsWPF.Android.csproj", "{17720177-B636-40D5-AF3C-779FF65C253B}"
EndProject
Project("{FAE04EC0-301F-11D3-BF4B-00C04F79EFBC}") = "labsWPF", "labsWPF\labsWPF\labsWPF.csproj", "{CA472EEC-C43A-42CD-998C-683CB7BECE96}"
EndProject
Global
	GlobalSection(SolutionConfigurationPlatforms) = preSolution
		Debug|Any CPU = Debug|Any CPU
		Release|Any CPU = Release|Any CPU
	EndGlobalSection
	GlobalSection(ProjectConfigurationPlatforms) = postSolution
		{17720177-B636-40D5-AF3C-779FF65C253B}.Debug|Any CPU.ActiveCfg = Debug|Any CPU
		{17720177-B636-40D5-AF3C-779FF65C253B}.Debug|Any CPU.Build.0 = Debug|Any CPU
		{17720177-B636-40D5-AF3C-779FF65C253B}.Debug|Any CPU.Deploy.0 = Debug|Any CPU
		{17720177-B636-40D5-AF3C-779FF65C253B}.Release|Any CPU.ActiveCfg = Release|Any CPU
		{17720177-B636-40D5-AF3C-779FF65C253B}.Release|Any CPU.Build.0 = Release|Any CPU
		{17720177-B636-40D5-AF3C-779FF65C253B}.Release|Any CPU.Deploy.0 = Release|Any CPU
		{CA472EEC-C43A-42CD-998C-683CB7BECE96}.Debug|Any CPU.ActiveCfg = Debug|Any CPU
		{CA472EEC-C43A-42CD-998C-683CB7BECE96}.Debug|Any CPU.Build.0 = Debug|Any CPU
		{CA472EEC-C43A-42CD-998C-683CB7BECE96}.Debug|Any CPU.Deploy.0 = Debug|Any CPU
		{CA472EEC-C43A-42CD-998C-683CB7BECE96}.Release|Any CPU.ActiveCfg = Release|Any CPU
		{CA472EEC-C43A-42CD-998C-683CB7BECE96}.Release|Any CPU.Build.0 = Release|Any CPU
		{CA472EEC-C43A-42CD-998C-683CB7BECE96}.Release|Any CPU.Deploy.0 = Release|Any CPU
	EndGlobalSection
	GlobalSection(SolutionProperties) = preSolution
		HideSolutionNode = FALSE
	EndGlobalSection
	GlobalSection(ExtensibilityGlobals) = postSolution
		SolutionGuid = {66C2B321-257F-468C-B378-61A0180DD8F1}
	EndGlobalSection
EndGlobal
